
Microsoft Visual Studio Solution File, Format Version 12.00
# Visual Studio Version 16
VisualStudioVersion = 16.0.30330.147
MinimumVisualStudioVersion = 10.0.40219.1
Project("{FAE04EC0-301F-11D3-BF4B-00C04F79EFBC}") = "ParcialAlejandroSivila", "ParcialAlejandroSivila\ParcialAlejandroSivila.csproj", "{42824DD0-699D-4016-9368-2BD558E01B41}"
EndProject
Project("{FAE04EC0-301F-11D3-BF4B-00C04F79EFBC}") = "Testparcial", "Testparcial\Testparcial.csproj", "{F90D19BC-B41A-45C9-B9A3-F755443A9D43}"
EndProject
Global
	GlobalSection(SolutionConfigurationPlatforms) = preSolution
		Debug|Any CPU = Debug|Any CPU
		Release|Any CPU = Release|Any CPU
	EndGlobalSection
	GlobalSection(ProjectConfigurationPlatforms) = postSolution
		{42824DD0-699D-4016-9368-2BD558E01B41}.Debug|Any CPU.ActiveCfg = Debug|Any CPU
		{42824DD0-699D-4016-9368-2BD558E01B41}.Debug|Any CPU.Build.0 = Debug|Any CPU
		{42824DD0-699D-4016-9368-2BD558E01B41}.Release|Any CPU.ActiveCfg = Release|Any CPU
		{42824DD0-699D-4016-9368-2BD558E01B41}.Release|Any CPU.Build.0 = Release|Any CPU
		{F90D19BC-B41A-45C9-B9A3-F755443A9D43}.Debug|Any CPU.ActiveCfg = Debug|Any CPU
		{F90D19BC-B41A-45C9-B9A3-F755443A9D43}.Debug|Any CPU.Build.0 = Debug|Any CPU
		{F90D19BC-B41A-45C9-B9A3-F755443A9D43}.Release|Any CPU.ActiveCfg = Release|Any CPU
		{F90D19BC-B41A-45C9-B9A3-F755443A9D43}.Release|Any CPU.Build.0 = Release|Any CPU
	EndGlobalSection
	GlobalSection(SolutionProperties) = preSolution
		HideSolutionNode = FALSE
	EndGlobalSection
	GlobalSection(ExtensibilityGlobals) = postSolution
		SolutionGuid = {D9268F15-90E1-4641-8A13-E66929B53F96}
	EndGlobalSection
EndGlobal
